
Microsoft Visual Studio Solution File, Format Version 12.00
# Visual Studio Version 17
VisualStudioVersion = 17.7.34221.43
MinimumVisualStudioVersion = 10.0.40219.1
Project("{FAE04EC0-301F-11D3-BF4B-00C04F79EFBC}") = "ConsoleApp1", "ConsoleApp1\ConsoleApp1.csproj", "{AF5D0FC8-96DB-4F67-B850-C61A0661E209}"
EndProject
Global
	GlobalSection(SolutionConfigurationPlatforms) = preSolution
		Debug|Any CPU = Debug|Any CPU
		Release|Any CPU = Release|Any CPU
	EndGlobalSection
	GlobalSection(ProjectConfigurationPlatforms) = postSolution
		{AF5D0FC8-96DB-4F67-B850-C61A0661E209}.Debug|Any CPU.ActiveCfg = Debug|Any CPU
		{AF5D0FC8-96DB-4F67-B850-C61A0661E209}.Debug|Any CPU.Build.0 = Debug|Any CPU
		{AF5D0FC8-96DB-4F67-B850-C61A0661E209}.Release|Any CPU.ActiveCfg = Release|Any CPU
		{AF5D0FC8-96DB-4F67-B850-C61A0661E209}.Release|Any CPU.Build.0 = Release|Any CPU
	EndGlobalSection
	GlobalSection(SolutionProperties) = preSolution
		HideSolutionNode = FALSE
	EndGlobalSection
	GlobalSection(ExtensibilityGlobals) = postSolution
		SolutionGuid = {9055B917-C326-4AF2-A364-E0F0CF022516}
	EndGlobalSection
EndGlobal
